// !$*UTF8*$!
{
	archiveVersion = 1;
	classes = {
	};
	objectVersion = 46;
	objects = {

/* Begin PBXBuildFile section */
		C25D5F271CA0EA7A00C68C90 /* main.m in Sources */ = {isa = PBXBuildFile; fileRef = C25D5F261CA0EA7A00C68C90 /* main.m */; };
		C25D5F2A1CA0EA7A00C68C90 /* AppDelegate.m in Sources */ = {isa = PBXBuildFile; fileRef = C25D5F291CA0EA7A00C68C90 /* AppDelegate.m */; };
		C25D5F2D1CA0EA7A00C68C90 /* ViewController.m in Sources */ = {isa = PBXBuildFile; fileRef = C25D5F2C1CA0EA7A00C68C90 /* ViewController.m */; };
		C25D5F301CA0EA7A00C68C90 /* Main.storyboard in Resources */ = {isa = PBXBuildFile; fileRef = C25D5F2E1CA0EA7A00C68C90 /* Main.storyboard */; };
		C25D5F321CA0EA7A00C68C90 /* Assets.xcassets in Resources */ = {isa = PBXBuildFile; fileRef = C25D5F311CA0EA7A00C68C90 /* Assets.xcassets */; };
		C25D5F351CA0EA7A00C68C90 /* LaunchScreen.storyboard in Resources */ = {isa = PBXBuildFile; fileRef = C25D5F331CA0EA7A00C68C90 /* LaunchScreen.storyboard */; };
		C25D5F401CA0EA7A00C68C90 /* WaterFallTests.m in Sources */ = {isa = PBXBuildFile; fileRef = C25D5F3F1CA0EA7A00C68C90 /* WaterFallTests.m */; };
		C25D5F4B1CA0EA7A00C68C90 /* WaterFallUITests.m in Sources */ = {isa = PBXBuildFile; fileRef = C25D5F4A1CA0EA7A00C68C90 /* WaterFallUITests.m */; };
/* End PBXBuildFile section */

/* Begin PBXContainerItemProxy section */
		C25D5F3C1CA0EA7A00C68C90 /* PBXContainerItemProxy */ = {
			isa = PBXContainerItemProxy;
			containerPortal = C25D5F1A1CA0EA7A00C68C90 /* Project object */;
			proxyType = 1;
			remoteGlobalIDString = C25D5F211CA0EA7A00C68C90;
			remoteInfo = WaterFall;
		};
		C25D5F471CA0EA7A00C68C90 /* PBXContainerItemProxy */ = {
			isa = PBXContainerItemProxy;
			containerPortal = C25D5F1A1CA0EA7A00C68C90 /* Project object */;
			proxyType = 1;
			remoteGlobalIDString = C25D5F211CA0EA7A00C68C90;
			remoteInfo = WaterFall;
		};
/* End PBXContainerItemProxy section */

/* Begin PBXFileReference section */
		C25D5F221CA0EA7A00C68C90 /* WaterFall.app */ = {isa = PBXFileReference; explicitFileType = wrapper.application; includeInIndex = 0; path = WaterFall.app; sourceTree = BUILT_PRODUCTS_DIR; };
		C25D5F261CA0EA7A00C68C90 /* main.m */ = {isa = PBXFileReference; lastKnownFileType = sourcecode.c.objc; path = main.m; sourceTree = "<group>"; };
		C25D5F281CA0EA7A00C68C90 /* AppDelegate.h */ = {isa = PBXFileReference; lastKnownFileType = sourcecode.c.h; path = AppDelegate.h; sourceTree = "<group>"; };
		C25D5F291CA0EA7A00C68C90 /* AppDelegate.m */ = {isa = PBXFileReference; lastKnownFileType = sourcecode.c.objc; path = AppDelegate.m; sourceTree = "<group>"; };
		C25D5F2B1CA0EA7A00C68C90 /* ViewController.h */ = {isa = PBXFileReference; lastKnownFileType = sourcecode.c.h; path = ViewController.h; sourceTree = "<group>"; };
		C25D5F2C1CA0EA7A00C68C90 /* ViewController.m */ = {isa = PBXFileReference; lastKnownFileType = sourcecode.c.objc; path = ViewController.m; sourceTree = "<group>"; };
		C25D5F2F1CA0EA7A00C68C90 /* Base */ = {isa = PBXFileReference; lastKnownFileType = file.storyboard; name = Base; path = Base.lproj/Main.storyboard; sourceTree = "<group>"; };
		C25D5F311CA0EA7A00C68C90 /* Assets.xcassets */ = {isa = PBXFileReference; lastKnownFileType = folder.assetcatalog; path = Assets.xcassets; sourceTree = "<group>"; };
		C25D5F341CA0EA7A00C68C90 /* Base */ = {isa = PBXFileReference; lastKnownFileType = file.storyboard; name = Base; path = Base.lproj/LaunchScreen.storyboard; sourceTree = "<group>"; };
		C25D5F361CA0EA7A00C68C90 /* Info.plist */ = {isa = PBXFileReference; lastKnownFileType = text.plist.xml; path = Info.plist; sourceTree = "<group>"; };
		C25D5F3B1CA0EA7A00C68C90 /* WaterFallTests.xctest */ = {isa = PBXFileReference; explicitFileType = wrapper.cfbundle; includeInIndex = 0; path = WaterFallTests.xctest; sourceTree = BUILT_PRODUCTS_DIR; };
		C25D5F3F1CA0EA7A00C68C90 /* WaterFallTests.m */ = {isa = PBXFileReference; lastKnownFileType = sourcecode.c.objc; path = WaterFallTests.m; sourceTree = "<group>"; };
		C25D5F411CA0EA7A00C68C90 /* Info.plist */ = {isa = PBXFileReference; lastKnownFileType = text.plist.xml; path = Info.plist; sourceTree = "<group>"; };
		C25D5F461CA0EA7A00C68C90 /* WaterFallUITests.xctest */ = {isa = PBXFileReference; explicitFileType = wrapper.cfbundle; includeInIndex = 0; path = WaterFallUITests.xctest; sourceTree = BUILT_PRODUCTS_DIR; };
		C25D5F4A1CA0EA7A00C68C90 /* WaterFallUITests.m */ = {isa = PBXFileReference; lastKnownFileType = sourcecode.c.objc; path = WaterFallUITests.m; sourceTree = "<group>"; };
		C25D5F4C1CA0EA7A00C68C90 /* Info.plist */ = {isa = PBXFileReference; lastKnownFileType = text.plist.xml; path = Info.plist; sourceTree = "<group>"; };
/* End PBXFileReference section */

/* Begin PBXFrameworksBuildPhase section */
		C25D5F1F1CA0EA7A00C68C90 /* Frameworks */ = {
			isa = PBXFrameworksBuildPhase;
			buildActionMask = 2147483647;
			files = (
			);
			runOnlyForDeploymentPostprocessing = 0;
		};
		C25D5F381CA0EA7A00C68C90 /* Frameworks */ = {
			isa = PBXFrameworksBuildPhase;
			buildActionMask = 2147483647;
			files = (
			);
			runOnlyForDeploymentPostprocessing = 0;
		};
		C25D5F431CA0EA7A00C68C90 /* Frameworks */ = {
			isa = PBXFrameworksBuildPhase;
			buildActionMask = 2147483647;
			files = (
			);
			runOnlyForDeploymentPostprocessing = 0;
		};
/* End PBXFrameworksBuildPhase section */

/* Begin PBXGroup section */
		C25D5F191CA0EA7A00C68C90 = {
			isa = PBXGroup;
			children = (
				C25D5F241CA0EA7A00C68C90 /* WaterFall */,
				C25D5F3E1CA0EA7A00C68C90 /* WaterFallTests */,
				C25D5F491CA0EA7A00C68C90 /* WaterFallUITests */,
				C25D5F231CA0EA7A00C68C90 /* Products */,
			);
			sourceTree = "<group>";
		};
		C25D5F231CA0EA7A00C68C90 /* Products */ = {
			isa = PBXGroup;
			children = (
				C25D5F221CA0EA7A00C68C90 /* WaterFall.app */,
				C25D5F3B1CA0EA7A00C68C90 /* WaterFallTests.xctest */,
				C25D5F461CA0EA7A00C68C90 /* WaterFallUITests.xctest */,
			);
			name = Products;
			sourceTree = "<group>";
		};
		C25D5F241CA0EA7A00C68C90 /* WaterFall */ = {
			isa = PBXGroup;
			children = (
				C25D5F281CA0EA7A00C68C90 /* AppDelegate.h */,
				C25D5F291CA0EA7A00C68C90 /* AppDelegate.m */,
				C25D5F2B1CA0EA7A00C68C90 /* ViewController.h */,
				C25D5F2C1CA0EA7A00C68C90 /* ViewController.m */,
				C25D5F2E1CA0EA7A00C68C90 /* Main.storyboard */,
				C25D5F311CA0EA7A00C68C90 /* Assets.xcassets */,
				C25D5F331CA0EA7A00C68C90 /* LaunchScreen.storyboard */,
				C25D5F361CA0EA7A00C68C90 /* Info.plist */,
				C25D5F251CA0EA7A00C68C90 /* Supporting Files */,
			);
			path = WaterFall;
			sourceTree = "<group>";
		};
		C25D5F251CA0EA7A00C68C90 /* Supporting Files */ = {
			isa = PBXGroup;
			children = (
				C25D5F261CA0EA7A00C68C90 /* main.m */,
			);
			name = "Supporting Files";
			sourceTree = "<group>";
		};
		C25D5F3E1CA0EA7A00C68C90 /* WaterFallTests */ = {
			isa = PBXGroup;
			children = (
				C25D5F3F1CA0EA7A00C68C90 /* WaterFallTests.m */,
				C25D5F411CA0EA7A00C68C90 /* Info.plist */,
			);
			path = WaterFallTests;
			sourceTree = "<group>";
		};
		C25D5F491CA0EA7A00C68C90 /* WaterFallUITests */ = {
			isa = PBXGroup;
			children = (
				C25D5F4A1CA0EA7A00C68C90 /* WaterFallUITests.m */,
				C25D5F4C1CA0EA7A00C68C90 /* Info.plist */,
			);
			path = WaterFallUITests;
			sourceTree = "<group>";
		};
/* End PBXGroup section */

/* Begin PBXNativeTarget section */
		C25D5F211CA0EA7A00C68C90 /* WaterFall */ = {
			isa = PBXNativeTarget;
			buildConfigurationList = C25D5F4F1CA0EA7A00C68C90 /* Build configuration list for PBXNativeTarget "WaterFall" */;
			buildPhases = (
				C25D5F1E1CA0EA7A00C68C90 /* Sources */,
				C25D5F1F1CA0EA7A00C68C90 /* Frameworks */,
				C25D5F201CA0EA7A00C68C90 /* Resources */,
			);
			buildRules = (
			);
			dependencies = (
			);
			name = WaterFall;
			productName = WaterFall;
			productReference = C25D5F221CA0EA7A00C68C90 /* WaterFall.app */;
			productType = "com.apple.product-type.application";
		};
		C25D5F3A1CA0EA7A00C68C90 /* WaterFallTests */ = {
			isa = PBXNativeTarget;
			buildConfigurationList = C25D5F521CA0EA7A00C68C90 /* Build configuration list for PBXNativeTarget "WaterFallTests" */;
			buildPhases = (
				C25D5F371CA0EA7A00C68C90 /* Sources */,
				C25D5F381CA0EA7A00C68C90 /* Frameworks */,
				C25D5F391CA0EA7A00C68C90 /* Resources */,
			);
			buildRules = (
			);
			dependencies = (
				C25D5F3D1CA0EA7A00C68C90 /* PBXTargetDependency */,
			);
			name = WaterFallTests;
			productName = WaterFallTests;
			productReference = C25D5F3B1CA0EA7A00C68C90 /* WaterFallTests.xctest */;
			productType = "com.apple.product-type.bundle.unit-test";
		};
		C25D5F451CA0EA7A00C68C90 /* WaterFallUITests */ = {
			isa = PBXNativeTarget;
			buildConfigurationList = C25D5F551CA0EA7A00C68C90 /* Build configuration list for PBXNativeTarget "WaterFallUITests" */;
			buildPhases = (
				C25D5F421CA0EA7A00C68C90 /* Sources */,
				C25D5F431CA0EA7A00C68C90 /* Frameworks */,
				C25D5F441CA0EA7A00C68C90 /* Resources */,
			);
			buildRules = (
			);
			dependencies = (
				C25D5F481CA0EA7A00C68C90 /* PBXTargetDependency */,
			);
			name = WaterFallUITests;
			productName = WaterFallUITests;
			productReference = C25D5F461CA0EA7A00C68C90 /* WaterFallUITests.xctest */;
			productType = "com.apple.product-type.bundle.ui-testing";
		};
/* End PBXNativeTarget section */

/* Begin PBXProject section */
		C25D5F1A1CA0EA7A00C68C90 /* Project object */ = {
			isa = PBXProject;
			attributes = {
				LastUpgradeCheck = 0720;
				ORGANIZATIONNAME = "shuai zhang";
				TargetAttributes = {
					C25D5F211CA0EA7A00C68C90 = {
						CreatedOnToolsVersion = 7.2;
					};
					C25D5F3A1CA0EA7A00C68C90 = {
						CreatedOnToolsVersion = 7.2;
						TestTargetID = C25D5F211CA0EA7A00C68C90;
					};
					C25D5F451CA0EA7A00C68C90 = {
						CreatedOnToolsVersion = 7.2;
						TestTargetID = C25D5F211CA0EA7A00C68C90;
					};
				};
			};
			buildConfigurationList = C25D5F1D1CA0EA7A00C68C90 /* Build configuration list for PBXProject "WaterFall" */;
			compatibilityVersion = "Xcode 3.2";
			developmentRegion = English;
			hasScannedForEncodings = 0;
			knownRegions = (
				en,
				Base,
			);
			mainGroup = C25D5F191CA0EA7A00C68C90;
			productRefGroup = C25D5F231CA0EA7A00C68C90 /* Products */;
			projectDirPath = "";
			projectRoot = "";
			targets = (
				C25D5F211CA0EA7A00C68C90 /* WaterFall */,
				C25D5F3A1CA0EA7A00C68C90 /* WaterFallTests */,
				C25D5F451CA0EA7A00C68C90 /* WaterFallUITests */,
			);
		};
/* End PBXProject section */

/* Begin PBXResourcesBuildPhase section */
		C25D5F201CA0EA7A00C68C90 /* Resources */ = {
			isa = PBXResourcesBuildPhase;
			buildActionMask = 2147483647;
			files = (
				C25D5F351CA0EA7A00C68C90 /* LaunchScreen.storyboard in Resources */,
				C25D5F321CA0EA7A00C68C90 /* Assets.xcassets in Resources */,
				C25D5F301CA0EA7A00C68C90 /* Main.storyboard in Resources */,
			);
			runOnlyForDeploymentPostprocessing = 0;
		};
		C25D5F391CA0EA7A00C68C90 /* Resources */ = {
			isa = PBXResourcesBuildPhase;
			buildActionMask = 2147483647;
			files = (
			);
			runOnlyForDeploymentPostprocessing = 0;
		};
		C25D5F441CA0EA7A00C68C90 /* Resources */ = {
			isa = PBXResourcesBuildPhase;
			buildActionMask = 2147483647;
			files = (
			);
			runOnlyForDeploymentPostprocessing = 0;
		};
/* End PBXResourcesBuildPhase section */

/* Begin PBXSourcesBuildPhase section */
		C25D5F1E1CA0EA7A00C68C90 /* Sources */ = {
			isa = PBXSourcesBuildPhase;
			buildActionMask = 2147483647;
			files = (
				C25D5F2D1CA0EA7A00C68C90 /* ViewController.m in Sources */,
				C25D5F2A1CA0EA7A00C68C90 /* AppDelegate.m in Sources */,
				C25D5F271CA0EA7A00C68C90 /* main.m in Sources */,
			);
			runOnlyForDeploymentPostprocessing = 0;
		};
		C25D5F371CA0EA7A00C68C90 /* Sources */ = {
			isa = PBXSourcesBuildPhase;
			buildActionMask = 2147483647;
			files = (
				C25D5F401CA0EA7A00C68C90 /* WaterFallTests.m in Sources */,
			);
			runOnlyForDeploymentPostprocessing = 0;
		};
		C25D5F421CA0EA7A00C68C90 /* Sources */ = {
			isa = PBXSourcesBuildPhase;
			buildActionMask = 2147483647;
			files = (
				C25D5F4B1CA0EA7A00C68C90 /* WaterFallUITests.m in Sources */,
			);
			runOnlyForDeploymentPostprocessing = 0;
		};
/* End PBXSourcesBuildPhase section */

/* Begin PBXTargetDependency section */
		C25D5F3D1CA0EA7A00C68C90 /* PBXTargetDependency */ = {
			isa = PBXTargetDependency;
			target = C25D5F211CA0EA7A00C68C90 /* WaterFall */;
			targetProxy = C25D5F3C1CA0EA7A00C68C90 /* PBXContainerItemProxy */;
		};
		C25D5F481CA0EA7A00C68C90 /* PBXTargetDependency */ = {
			isa = PBXTargetDependency;
			target = C25D5F211CA0EA7A00C68C90 /* WaterFall */;
			targetProxy = C25D5F471CA0EA7A00C68C90 /* PBXContainerItemProxy */;
		};
/* End PBXTargetDependency section */

/* Begin PBXVariantGroup section */
		C25D5F2E1CA0EA7A00C68C90 /* Main.storyboard */ = {
			isa = PBXVariantGroup;
			children = (
				C25D5F2F1CA0EA7A00C68C90 /* Base */,
			);
			name = Main.storyboard;
			sourceTree = "<group>";
		};
		C25D5F331CA0EA7A00C68C90 /* LaunchScreen.storyboard */ = {
			isa = PBXVariantGroup;
			children = (
				C25D5F341CA0EA7A00C68C90 /* Base */,
			);
			name = LaunchScreen.storyboard;
			sourceTree = "<group>";
		};
/* End PBXVariantGroup section */

/* Begin XCBuildConfiguration section */
		C25D5F4D1CA0EA7A00C68C90 /* Debug */ = {
			isa = XCBuildConfiguration;
			buildSettings = {
				ALWAYS_SEARCH_USER_PATHS = NO;
				CLANG_CXX_LANGUAGE_STANDARD = "gnu++0x";
				CLANG_CXX_LIBRARY = "libc++";
				CLANG_ENABLE_MODULES = YES;
				CLANG_ENABLE_OBJC_ARC = YES;
				CLANG_WARN_BOOL_CONVERSION = YES;
				CLANG_WARN_CONSTANT_CONVERSION = YES;
				CLANG_WARN_DIRECT_OBJC_ISA_USAGE = YES_ERROR;
				CLANG_WARN_EMPTY_BODY = YES;
				CLANG_WARN_ENUM_CONVERSION = YES;
				CLANG_WARN_INT_CONVERSION = YES;
				CLANG_WARN_OBJC_ROOT_CLASS = YES_ERROR;
				CLANG_WARN_UNREACHABLE_CODE = YES;
				CLANG_WARN__DUPLICATE_METHOD_MATCH = YES;
				"CODE_SIGN_IDENTITY[sdk=iphoneos*]" = "iPhone Developer";
				COPY_PHASE_STRIP = NO;
				DEBUG_INFORMATION_FORMAT = dwarf;
				ENABLE_STRICT_OBJC_MSGSEND = YES;
				ENABLE_TESTABILITY = YES;
				GCC_C_LANGUAGE_STANDARD = gnu99;
				GCC_DYNAMIC_NO_PIC = NO;
				GCC_NO_COMMON_BLOCKS = YES;
				GCC_OPTIMIZATION_LEVEL = 0;
				GCC_PREPROCESSOR_DEFINITIONS = (
					"DEBUG=1",
					"$(inherited)",
				);
				GCC_WARN_64_TO_32_BIT_CONVERSION = YES;
				GCC_WARN_ABOUT_RETURN_TYPE = YES_ERROR;
				GCC_WARN_UNDECLARED_SELECTOR = YES;
				GCC_WARN_UNINITIALIZED_AUTOS = YES_AGGRESSIVE;
				GCC_WARN_UNUSED_FUNCTION = YES;
				GCC_WARN_UNUSED_VARIABLE = YES;
				IPHONEOS_DEPLOYMENT_TARGET = 9.2;
				MTL_ENABLE_DEBUG_INFO = YES;
				ONLY_ACTIVE_ARCH = YES;
				SDKROOT = iphoneos;
				TARGETED_DEVICE_FAMILY = "1,2";
			};
			name = Debug;
		};
		C25D5F4E1CA0EA7A00C68C90 /* Release */ = {
			isa = XCBuildConfiguration;
			buildSettings = {
				ALWAYS_SEARCH_USER_PATHS = NO;
				CLANG_CXX_LANGUAGE_STANDARD = "gnu++0x";
				CLANG_CXX_LIBRARY = "libc++";
				CLANG_ENABLE_MODULES = YES;
				CLANG_ENABLE_OBJC_ARC = YES;
				CLANG_WARN_BOOL_CONVERSION = YES;
				CLANG_WARN_CONSTANT_CONVERSION = YES;
				CLANG_WARN_DIRECT_OBJC_ISA_USAGE = YES_ERROR;
				CLANG_WARN_EMPTY_BODY = YES;
				CLANG_WARN_ENUM_CONVERSION = YES;
				CLANG_WARN_INT_CONVERSION = YES;
				CLANG_WARN_OBJC_ROOT_CLASS = YES_ERROR;
				CLANG_WARN_UNREACHABLE_CODE = YES;
				CLANG_WARN__DUPLICATE_METHOD_MATCH = YES;
				"CODE_SIGN_IDENTITY[sdk=iphoneos*]" = "iPhone Developer";
				COPY_PHASE_STRIP = NO;
				DEBUG_INFORMATION_FORMAT = "dwarf-with-dsym";
				ENABLE_NS_ASSERTIONS = NO;
				ENABLE_STRICT_OBJC_MSGSEND = YES;
				GCC_C_LANGUAGE_STANDARD = gnu99;
				GCC_NO_COMMON_BLOCKS = YES;
				GCC_WARN_64_TO_32_BIT_CONVERSION = YES;
				GCC_WARN_ABOUT_RETURN_TYPE = YES_ERROR;
				GCC_WARN_UNDECLARED_SELECTOR = YES;
				GCC_WARN_UNINITIALIZED_AUTOS = YES_AGGRESSIVE;
				GCC_WARN_UNUSED_FUNCTION = YES;
				GCC_WARN_UNUSED_VARIABLE = YES;
				IPHONEOS_DEPLOYMENT_TARGET = 9.2;
				MTL_ENABLE_DEBUG_INFO = NO;
				SDKROOT = iphoneos;
				TARGETED_DEVICE_FAMILY = "1,2";
				VALIDATE_PRODUCT = YES;
			};
			name = Release;
		};
		C25D5F501CA0EA7A00C68C90 /* Debug */ = {
			isa = XCBuildConfiguration;
			buildSettings = {
				ASSETCATALOG_COMPILER_APPICON_NAME = AppIcon;
				INFOPLIST_FILE = WaterFall/Info.plist;
				LD_RUNPATH_SEARCH_PATHS = "$(inherited) @executable_path/Frameworks";
				PRODUCT_BUNDLE_IDENTIFIER = com.alan.Zhang.WaterFall;
				PRODUCT_NAME = "$(TARGET_NAME)";
			};
			name = Debug;
		};
		C25D5F511CA0EA7A00C68C90 /* Release */ = {
			isa = XCBuildConfiguration;
			buildSettings = {
				ASSETCATALOG_COMPILER_APPICON_NAME = AppIcon;
				INFOPLIST_FILE = WaterFall/Info.plist;
				LD_RUNPATH_SEARCH_PATHS = "$(inherited) @executable_path/Frameworks";
				PRODUCT_BUNDLE_IDENTIFIER = com.alan.Zhang.WaterFall;
				PRODUCT_NAME = "$(TARGET_NAME)";
			};
			name = Release;
		};
		C25D5F531CA0EA7A00C68C90 /* Debug */ = {
			isa = XCBuildConfiguration;
			buildSettings = {
				BUNDLE_LOADER = "$(TEST_HOST)";
				INFOPLIST_FILE = WaterFallTests/Info.plist;
				LD_RUNPATH_SEARCH_PATHS = "$(inherited) @executable_path/Frameworks @loader_path/Frameworks";
				PRODUCT_BUNDLE_IDENTIFIER = com.alan.Zhang.WaterFallTests;
				PRODUCT_NAME = "$(TARGET_NAME)";
				TEST_HOST = "$(BUILT_PRODUCTS_DIR)/WaterFall.app/WaterFall";
			};
			name = Debug;
		};
		C25D5F541CA0EA7A00C68C90 /* Release */ = {
			isa = XCBuildConfiguration;
			buildSettings = {
				BUNDLE_LOADER = "$(TEST_HOST)";
				INFOPLIST_FILE = WaterFallTests/Info.plist;
				LD_RUNPATH_SEARCH_PATHS = "$(inherited) @executable_path/Frameworks @loader_path/Frameworks";
				PRODUCT_BUNDLE_IDENTIFIER = com.alan.Zhang.WaterFallTests;
				PRODUCT_NAME = "$(TARGET_NAME)";
				TEST_HOST = "$(BUILT_PRODUCTS_DIR)/WaterFall.app/WaterFall";
			};
			name = Release;
		};
		C25D5F561CA0EA7A00C68C90 /* Debug */ = {
			isa = XCBuildConfiguration;
			buildSettings = {
				INFOPLIST_FILE = WaterFallUITests/Info.plist;
				LD_RUNPATH_SEARCH_PATHS = "$(inherited) @executable_path/Frameworks @loader_path/Frameworks";
				PRODUCT_BUNDLE_IDENTIFIER = com.alan.Zhang.WaterFallUITests;
				PRODUCT_NAME = "$(TARGET_NAME)";
				TEST_TARGET_NAME = WaterFall;
				USES_XCTRUNNER = YES;
			};
			name = Debug;
		};
		C25D5F571CA0EA7A00C68C90 /* Release */ = {
			isa = XCBuildConfiguration;
			buildSettings = {
				INFOPLIST_FILE = WaterFallUITests/Info.plist;
				LD_RUNPATH_SEARCH_PATHS = "$(inherited) @executable_path/Frameworks @loader_path/Frameworks";
				PRODUCT_BUNDLE_IDENTIFIER = com.alan.Zhang.WaterFallUITests;
				PRODUCT_NAME = "$(TARGET_NAME)";
				TEST_TARGET_NAME = WaterFall;
				USES_XCTRUNNER = YES;
			};
			name = Release;
		};
/* End XCBuildConfiguration section */

/* Begin XCConfigurationList section */
		C25D5F1D1CA0EA7A00C68C90 /* Build configuration list for PBXProject "WaterFall" */ = {
			isa = XCConfigurationList;
			buildConfigurations = (
				C25D5F4D1CA0EA7A00C68C90 /* Debug */,
				C25D5F4E1CA0EA7A00C68C90 /* Release */,
			);
			defaultConfigurationIsVisible = 0;
			defaultConfigurationName = Release;
		};
		C25D5F4F1CA0EA7A00C68C90 /* Build configuration list for PBXNativeTarget "WaterFall" */ = {
			isa = XCConfigurationList;
			buildConfigurations = (
				C25D5F501CA0EA7A00C68C90 /* Debug */,
				C25D5F511CA0EA7A00C68C90 /* Release */,
			);
			defaultConfigurationIsVisible = 0;
		};
		C25D5F521CA0EA7A00C68C90 /* Build configuration list for PBXNativeTarget "WaterFallTests" */ = {
			isa = XCConfigurationList;
			buildConfigurations = (
				C25D5F531CA0EA7A00C68C90 /* Debug */,
				C25D5F541CA0EA7A00C68C90 /* Release */,
			);
			defaultConfigurationIsVisible = 0;
		};
		C25D5F551CA0EA7A00C68C90 /* Build configuration list for PBXNativeTarget "WaterFallUITests" */ = {
			isa = XCConfigurationList;
			buildConfigurations = (
				C25D5F561CA0EA7A00C68C90 /* Debug */,
				C25D5F571CA0EA7A00C68C90 /* Release */,
			);
			defaultConfigurationIsVisible = 0;
		};
/* End XCConfigurationList section */
	};
	rootObject = C25D5F1A1CA0EA7A00C68C90 /* Project object */;
}
