// !$*UTF8*$!
{
	archiveVersion = 1;
	classes = {
	};
	objectVersion = 46;
	objects = {

/* Begin PBXBuildFile section */
		C25D5F271CA0EA7A00C68C90 /* main.m in Sources */ = {isa = PBXBuildFile; fileRef = C25D5F261CA0EA7A00C68C90 /* main.m */; };
		C25D5F2A1CA0EA7A00C68C90 /* AppDelegate.m in Sources */ = {isa = PBXBuildFile; fileRef = C25D5F291CA0EA7A00C68C90 /* AppDelegate.m */; };
		C25D5F2D1CA0EA7A00C68C90 /* ViewController.m in Sources */ = {isa = PBXBuildFile; fileRef = C25D5F2C1CA0EA7A00C68C90 /* ViewController.m */; };
		C25D5F301CA0EA7A00C68C90 /* Main.storyboard in Resources */ = {isa = PBXBuildFile; fileRef = C25D5F2E1CA0EA7A00C68C90 /* Main.storyboard */; };
		C25D5F321CA0EA7A00C68C90 /* Assets.xcassets in Resources */ = {isa = PBXBuildFile; fileRef = C25D5F311CA0EA7A00C68C90 /* Assets.xcassets */; };
		C25D5F351CA0EA7A00C68C90 /* LaunchScreen.storyboard in Resources */ = {isa = PBXBuildFile; fileRef = C25D5F331CA0EA7A00C68C90 /* LaunchScreen.storyboard */; };
		C25D5F401CA0EA7A00C68C90 /* WaterFallTests.m in Sources */ = {isa = PBXBuildFile; fileRef = C25D5F3F1CA0EA7A00C68C90 /* WaterFallTests.m */; };
		C25D5F4B1CA0EA7A00C68C90 /* WaterFallUITests.m in Sources */ = {isa = PBXBuildFile; fileRef = C25D5F4A1CA0EA7A00C68C90 /* WaterFallUITests.m */; };
		C25D5F5B1CA0ECA800C68C90 /* 1.plist in Resources */ = {isa = PBXBuildFile; fileRef = C25D5F581CA0ECA800C68C90 /* 1.plist */; };
		C25D5F5C1CA0ECA800C68C90 /* 2.plist in Resources */ = {isa = PBXBuildFile; fileRef = C25D5F591CA0ECA800C68C90 /* 2.plist */; };
		C25D5F5D1CA0ECA800C68C90 /* 3.plist in Resources */ = {isa = PBXBuildFile; fileRef = C25D5F5A1CA0ECA800C68C90 /* 3.plist */; };
		C25D5F7C1CA0ECC000C68C90 /* NSData+ImageContentType.m in Sources */ = {isa = PBXBuildFile; fileRef = C25D5F601CA0ECC000C68C90 /* NSData+ImageContentType.m */; };
		C25D5F7D1CA0ECC000C68C90 /* SDImageCache.m in Sources */ = {isa = PBXBuildFile; fileRef = C25D5F621CA0ECC000C68C90 /* SDImageCache.m */; };
		C25D5F7E1CA0ECC000C68C90 /* SDWebImageCompat.m in Sources */ = {isa = PBXBuildFile; fileRef = C25D5F641CA0ECC000C68C90 /* SDWebImageCompat.m */; };
		C25D5F7F1CA0ECC000C68C90 /* SDWebImageDecoder.m in Sources */ = {isa = PBXBuildFile; fileRef = C25D5F661CA0ECC000C68C90 /* SDWebImageDecoder.m */; };
		C25D5F801CA0ECC000C68C90 /* SDWebImageDownloader.m in Sources */ = {isa = PBXBuildFile; fileRef = C25D5F681CA0ECC000C68C90 /* SDWebImageDownloader.m */; };
		C25D5F811CA0ECC000C68C90 /* SDWebImageDownloaderOperation.m in Sources */ = {isa = PBXBuildFile; fileRef = C25D5F6A1CA0ECC000C68C90 /* SDWebImageDownloaderOperation.m */; };
		C25D5F821CA0ECC000C68C90 /* SDWebImageManager.m in Sources */ = {isa = PBXBuildFile; fileRef = C25D5F6C1CA0ECC000C68C90 /* SDWebImageManager.m */; };
		C25D5F831CA0ECC000C68C90 /* SDWebImagePrefetcher.m in Sources */ = {isa = PBXBuildFile; fileRef = C25D5F6F1CA0ECC000C68C90 /* SDWebImagePrefetcher.m */; };
		C25D5F841CA0ECC000C68C90 /* UIButton+WebCache.m in Sources */ = {isa = PBXBuildFile; fileRef = C25D5F711CA0ECC000C68C90 /* UIButton+WebCache.m */; };
		C25D5F851CA0ECC000C68C90 /* UIImage+GIF.m in Sources */ = {isa = PBXBuildFile; fileRef = C25D5F731CA0ECC000C68C90 /* UIImage+GIF.m */; };
		C25D5F861CA0ECC000C68C90 /* UIImage+MultiFormat.m in Sources */ = {isa = PBXBuildFile; fileRef = C25D5F751CA0ECC000C68C90 /* UIImage+MultiFormat.m */; };
		C25D5F871CA0ECC000C68C90 /* UIImageView+HighlightedWebCache.m in Sources */ = {isa = PBXBuildFile; fileRef = C25D5F771CA0ECC000C68C90 /* UIImageView+HighlightedWebCache.m */; };
		C25D5F881CA0ECC000C68C90 /* UIImageView+WebCache.m in Sources */ = {isa = PBXBuildFile; fileRef = C25D5F791CA0ECC000C68C90 /* UIImageView+WebCache.m */; };
		C25D5F891CA0ECC000C68C90 /* UIView+WebCacheOperation.m in Sources */ = {isa = PBXBuildFile; fileRef = C25D5F7B1CA0ECC000C68C90 /* UIView+WebCacheOperation.m */; };
		C25D5F8C1CA1111D00C68C90 /* Shop.m in Sources */ = {isa = PBXBuildFile; fileRef = C25D5F8B1CA1111D00C68C90 /* Shop.m */; };
		C25D5F8F1CA1116000C68C90 /* WaterfallLayout.m in Sources */ = {isa = PBXBuildFile; fileRef = C25D5F8E1CA1116000C68C90 /* WaterfallLayout.m */; };
		C25D5F921CA11CE500C68C90 /* WaterfallImageCell.m in Sources */ = {isa = PBXBuildFile; fileRef = C25D5F911CA11CE500C68C90 /* WaterfallImageCell.m */; };
		C25D5F951CA12F2500C68C90 /* WaterfallFooterView.m in Sources */ = {isa = PBXBuildFile; fileRef = C25D5F941CA12F2500C68C90 /* WaterfallFooterView.m */; };
/* End PBXBuildFile section */

/* Begin PBXContainerItemProxy section */
		C25D5F3C1CA0EA7A00C68C90 /* PBXContainerItemProxy */ = {
			isa = PBXContainerItemProxy;
			containerPortal = C25D5F1A1CA0EA7A00C68C90 /* Project object */;
			proxyType = 1;
			remoteGlobalIDString = C25D5F211CA0EA7A00C68C90;
			remoteInfo = WaterFall;
		};
		C25D5F471CA0EA7A00C68C90 /* PBXContainerItemProxy */ = {
			isa = PBXContainerItemProxy;
			containerPortal = C25D5F1A1CA0EA7A00C68C90 /* Project object */;
			proxyType = 1;
			remoteGlobalIDString = C25D5F211CA0EA7A00C68C90;
			remoteInfo = WaterFall;
		};
/* End PBXContainerItemProxy section */

/* Begin PBXFileReference section */
		C25D5F221CA0EA7A00C68C90 /* WaterFall.app */ = {isa = PBXFileReference; explicitFileType = wrapper.application; includeInIndex = 0; path = WaterFall.app; sourceTree = BUILT_PRODUCTS_DIR; };
		C25D5F261CA0EA7A00C68C90 /* main.m */ = {isa = PBXFileReference; lastKnownFileType = sourcecode.c.objc; path = main.m; sourceTree = "<group>"; };
		C25D5F281CA0EA7A00C68C90 /* AppDelegate.h */ = {isa = PBXFileReference; lastKnownFileType = sourcecode.c.h; path = AppDelegate.h; sourceTree = "<group>"; };
		C25D5F291CA0EA7A00C68C90 /* AppDelegate.m */ = {isa = PBXFileReference; lastKnownFileType = sourcecode.c.objc; path = AppDelegate.m; sourceTree = "<group>"; };
		C25D5F2B1CA0EA7A00C68C90 /* ViewController.h */ = {isa = PBXFileReference; lastKnownFileType = sourcecode.c.h; path = ViewController.h; sourceTree = "<group>"; };
		C25D5F2C1CA0EA7A00C68C90 /* ViewController.m */ = {isa = PBXFileReference; lastKnownFileType = sourcecode.c.objc; path = ViewController.m; sourceTree = "<group>"; };
		C25D5F2F1CA0EA7A00C68C90 /* Base */ = {isa = PBXFileReference; lastKnownFileType = file.storyboard; name = Base; path = Base.lproj/Main.storyboard; sourceTree = "<group>"; };
		C25D5F311CA0EA7A00C68C90 /* Assets.xcassets */ = {isa = PBXFileReference; lastKnownFileType = folder.assetcatalog; path = Assets.xcassets; sourceTree = "<group>"; };
		C25D5F341CA0EA7A00C68C90 /* Base */ = {isa = PBXFileReference; lastKnownFileType = file.storyboard; name = Base; path = Base.lproj/LaunchScreen.storyboard; sourceTree = "<group>"; };
		C25D5F361CA0EA7A00C68C90 /* Info.plist */ = {isa = PBXFileReference; lastKnownFileType = text.plist.xml; path = Info.plist; sourceTree = "<group>"; };
		C25D5F3B1CA0EA7A00C68C90 /* WaterFallTests.xctest */ = {isa = PBXFileReference; explicitFileType = wrapper.cfbundle; includeInIndex = 0; path = WaterFallTests.xctest; sourceTree = BUILT_PRODUCTS_DIR; };
		C25D5F3F1CA0EA7A00C68C90 /* WaterFallTests.m */ = {isa = PBXFileReference; lastKnownFileType = sourcecode.c.objc; path = WaterFallTests.m; sourceTree = "<group>"; };
		C25D5F411CA0EA7A00C68C90 /* Info.plist */ = {isa = PBXFileReference; lastKnownFileType = text.plist.xml; path = Info.plist; sourceTree = "<group>"; };
		C25D5F461CA0EA7A00C68C90 /* WaterFallUITests.xctest */ = {isa = PBXFileReference; explicitFileType = wrapper.cfbundle; includeInIndex = 0; path = WaterFallUITests.xctest; sourceTree = BUILT_PRODUCTS_DIR; };
		C25D5F4A1CA0EA7A00C68C90 /* WaterFallUITests.m */ = {isa = PBXFileReference; lastKnownFileType = sourcecode.c.objc; path = WaterFallUITests.m; sourceTree = "<group>"; };
		C25D5F4C1CA0EA7A00C68C90 /* Info.plist */ = {isa = PBXFileReference; lastKnownFileType = text.plist.xml; path = Info.plist; sourceTree = "<group>"; };
		C25D5F581CA0ECA800C68C90 /* 1.plist */ = {isa = PBXFileReference; fileEncoding = 4; lastKnownFileType = text.plist.xml; path = 1.plist; sourceTree = "<group>"; };
		C25D5F591CA0ECA800C68C90 /* 2.plist */ = {isa = PBXFileReference; fileEncoding = 4; lastKnownFileType = text.plist.xml; path = 2.plist; sourceTree = "<group>"; };
		C25D5F5A1CA0ECA800C68C90 /* 3.plist */ = {isa = PBXFileReference; fileEncoding = 4; lastKnownFileType = text.plist.xml; path = 3.plist; sourceTree = "<group>"; };
		C25D5F5F1CA0ECC000C68C90 /* NSData+ImageContentType.h */ = {isa = PBXFileReference; fileEncoding = 4; lastKnownFileType = sourcecode.c.h; path = "NSData+ImageContentType.h"; sourceTree = "<group>"; };
		C25D5F601CA0ECC000C68C90 /* NSData+ImageContentType.m */ = {isa = PBXFileReference; fileEncoding = 4; lastKnownFileType = sourcecode.c.objc; path = "NSData+ImageContentType.m"; sourceTree = "<group>"; };
		C25D5F611CA0ECC000C68C90 /* SDImageCache.h */ = {isa = PBXFileReference; fileEncoding = 4; lastKnownFileType = sourcecode.c.h; path = SDImageCache.h; sourceTree = "<group>"; };
		C25D5F621CA0ECC000C68C90 /* SDImageCache.m */ = {isa = PBXFileReference; fileEncoding = 4; lastKnownFileType = sourcecode.c.objc; path = SDImageCache.m; sourceTree = "<group>"; };
		C25D5F631CA0ECC000C68C90 /* SDWebImageCompat.h */ = {isa = PBXFileReference; fileEncoding = 4; lastKnownFileType = sourcecode.c.h; path = SDWebImageCompat.h; sourceTree = "<group>"; };
		C25D5F641CA0ECC000C68C90 /* SDWebImageCompat.m */ = {isa = PBXFileReference; fileEncoding = 4; lastKnownFileType = sourcecode.c.objc; path = SDWebImageCompat.m; sourceTree = "<group>"; };
		C25D5F651CA0ECC000C68C90 /* SDWebImageDecoder.h */ = {isa = PBXFileReference; fileEncoding = 4; lastKnownFileType = sourcecode.c.h; path = SDWebImageDecoder.h; sourceTree = "<group>"; };
		C25D5F661CA0ECC000C68C90 /* SDWebImageDecoder.m */ = {isa = PBXFileReference; fileEncoding = 4; lastKnownFileType = sourcecode.c.objc; path = SDWebImageDecoder.m; sourceTree = "<group>"; };
		C25D5F671CA0ECC000C68C90 /* SDWebImageDownloader.h */ = {isa = PBXFileReference; fileEncoding = 4; lastKnownFileType = sourcecode.c.h; path = SDWebImageDownloader.h; sourceTree = "<group>"; };
		C25D5F681CA0ECC000C68C90 /* SDWebImageDownloader.m */ = {isa = PBXFileReference; fileEncoding = 4; lastKnownFileType = sourcecode.c.objc; path = SDWebImageDownloader.m; sourceTree = "<group>"; };
		C25D5F691CA0ECC000C68C90 /* SDWebImageDownloaderOperation.h */ = {isa = PBXFileReference; fileEncoding = 4; lastKnownFileType = sourcecode.c.h; path = SDWebImageDownloaderOperation.h; sourceTree = "<group>"; };
		C25D5F6A1CA0ECC000C68C90 /* SDWebImageDownloaderOperation.m */ = {isa = PBXFileReference; fileEncoding = 4; lastKnownFileType = sourcecode.c.objc; path = SDWebImageDownloaderOperation.m; sourceTree = "<group>"; };
		C25D5F6B1CA0ECC000C68C90 /* SDWebImageManager.h */ = {isa = PBXFileReference; fileEncoding = 4; lastKnownFileType = sourcecode.c.h; path = SDWebImageManager.h; sourceTree = "<group>"; };
		C25D5F6C1CA0ECC000C68C90 /* SDWebImageManager.m */ = {isa = PBXFileReference; fileEncoding = 4; lastKnownFileType = sourcecode.c.objc; path = SDWebImageManager.m; sourceTree = "<group>"; };
		C25D5F6D1CA0ECC000C68C90 /* SDWebImageOperation.h */ = {isa = PBXFileReference; fileEncoding = 4; lastKnownFileType = sourcecode.c.h; path = SDWebImageOperation.h; sourceTree = "<group>"; };
		C25D5F6E1CA0ECC000C68C90 /* SDWebImagePrefetcher.h */ = {isa = PBXFileReference; fileEncoding = 4; lastKnownFileType = sourcecode.c.h; path = SDWebImagePrefetcher.h; sourceTree = "<group>"; };
		C25D5F6F1CA0ECC000C68C90 /* SDWebImagePrefetcher.m */ = {isa = PBXFileReference; fileEncoding = 4; lastKnownFileType = sourcecode.c.objc; path = SDWebImagePrefetcher.m; sourceTree = "<group>"; };
		C25D5F701CA0ECC000C68C90 /* UIButton+WebCache.h */ = {isa = PBXFileReference; fileEncoding = 4; lastKnownFileType = sourcecode.c.h; path = "UIButton+WebCache.h"; sourceTree = "<group>"; };
		C25D5F711CA0ECC000C68C90 /* UIButton+WebCache.m */ = {isa = PBXFileReference; fileEncoding = 4; lastKnownFileType = sourcecode.c.objc; path = "UIButton+WebCache.m"; sourceTree = "<group>"; };
		C25D5F721CA0ECC000C68C90 /* UIImage+GIF.h */ = {isa = PBXFileReference; fileEncoding = 4; lastKnownFileType = sourcecode.c.h; path = "UIImage+GIF.h"; sourceTree = "<group>"; };
		C25D5F731CA0ECC000C68C90 /* UIImage+GIF.m */ = {isa = PBXFileReference; fileEncoding = 4; lastKnownFileType = sourcecode.c.objc; path = "UIImage+GIF.m"; sourceTree = "<group>"; };
		C25D5F741CA0ECC000C68C90 /* UIImage+MultiFormat.h */ = {isa = PBXFileReference; fileEncoding = 4; lastKnownFileType = sourcecode.c.h; path = "UIImage+MultiFormat.h"; sourceTree = "<group>"; };
		C25D5F751CA0ECC000C68C90 /* UIImage+MultiFormat.m */ = {isa = PBXFileReference; fileEncoding = 4; lastKnownFileType = sourcecode.c.objc; path = "UIImage+MultiFormat.m"; sourceTree = "<group>"; };
		C25D5F761CA0ECC000C68C90 /* UIImageView+HighlightedWebCache.h */ = {isa = PBXFileReference; fileEncoding = 4; lastKnownFileType = sourcecode.c.h; path = "UIImageView+HighlightedWebCache.h"; sourceTree = "<group>"; };
		C25D5F771CA0ECC000C68C90 /* UIImageView+HighlightedWebCache.m */ = {isa = PBXFileReference; fileEncoding = 4; lastKnownFileType = sourcecode.c.objc; path = "UIImageView+HighlightedWebCache.m"; sourceTree = "<group>"; };
		C25D5F781CA0ECC000C68C90 /* UIImageView+WebCache.h */ = {isa = PBXFileReference; fileEncoding = 4; lastKnownFileType = sourcecode.c.h; path = "UIImageView+WebCache.h"; sourceTree = "<group>"; };
		C25D5F791CA0ECC000C68C90 /* UIImageView+WebCache.m */ = {isa = PBXFileReference; fileEncoding = 4; lastKnownFileType = sourcecode.c.objc; path = "UIImageView+WebCache.m"; sourceTree = "<group>"; };
		C25D5F7A1CA0ECC000C68C90 /* UIView+WebCacheOperation.h */ = {isa = PBXFileReference; fileEncoding = 4; lastKnownFileType = sourcecode.c.h; path = "UIView+WebCacheOperation.h"; sourceTree = "<group>"; };
		C25D5F7B1CA0ECC000C68C90 /* UIView+WebCacheOperation.m */ = {isa = PBXFileReference; fileEncoding = 4; lastKnownFileType = sourcecode.c.objc; path = "UIView+WebCacheOperation.m"; sourceTree = "<group>"; };
		C25D5F8A1CA1111D00C68C90 /* Shop.h */ = {isa = PBXFileReference; fileEncoding = 4; lastKnownFileType = sourcecode.c.h; path = Shop.h; sourceTree = "<group>"; };
		C25D5F8B1CA1111D00C68C90 /* Shop.m */ = {isa = PBXFileReference; fileEncoding = 4; lastKnownFileType = sourcecode.c.objc; path = Shop.m; sourceTree = "<group>"; };
		C25D5F8D1CA1116000C68C90 /* WaterfallLayout.h */ = {isa = PBXFileReference; fileEncoding = 4; lastKnownFileType = sourcecode.c.h; path = WaterfallLayout.h; sourceTree = "<group>"; };
		C25D5F8E1CA1116000C68C90 /* WaterfallLayout.m */ = {isa = PBXFileReference; fileEncoding = 4; lastKnownFileType = sourcecode.c.objc; path = WaterfallLayout.m; sourceTree = "<group>"; };
		C25D5F901CA11CE500C68C90 /* WaterfallImageCell.h */ = {isa = PBXFileReference; fileEncoding = 4; lastKnownFileType = sourcecode.c.h; path = WaterfallImageCell.h; sourceTree = "<group>"; };
		C25D5F911CA11CE500C68C90 /* WaterfallImageCell.m */ = {isa = PBXFileReference; fileEncoding = 4; lastKnownFileType = sourcecode.c.objc; path = WaterfallImageCell.m; sourceTree = "<group>"; };
		C25D5F931CA12F2500C68C90 /* WaterfallFooterView.h */ = {isa = PBXFileReference; fileEncoding = 4; lastKnownFileType = sourcecode.c.h; path = WaterfallFooterView.h; sourceTree = "<group>"; };
		C25D5F941CA12F2500C68C90 /* WaterfallFooterView.m */ = {isa = PBXFileReference; fileEncoding = 4; lastKnownFileType = sourcecode.c.objc; path = WaterfallFooterView.m; sourceTree = "<group>"; };
/* End PBXFileReference section */

/* Begin PBXFrameworksBuildPhase section */
		C25D5F1F1CA0EA7A00C68C90 /* Frameworks */ = {
			isa = PBXFrameworksBuildPhase;
			buildActionMask = 2147483647;
			files = (
			);
			runOnlyForDeploymentPostprocessing = 0;
		};
		C25D5F381CA0EA7A00C68C90 /* Frameworks */ = {
			isa = PBXFrameworksBuildPhase;
			buildActionMask = 2147483647;
			files = (
			);
			runOnlyForDeploymentPostprocessing = 0;
		};
		C25D5F431CA0EA7A00C68C90 /* Frameworks */ = {
			isa = PBXFrameworksBuildPhase;
			buildActionMask = 2147483647;
			files = (
			);
			runOnlyForDeploymentPostprocessing = 0;
		};
/* End PBXFrameworksBuildPhase section */

/* Begin PBXGroup section */
		C25D5F191CA0EA7A00C68C90 = {
			isa = PBXGroup;
			children = (
				C25D5F241CA0EA7A00C68C90 /* WaterFall */,
				C25D5F3E1CA0EA7A00C68C90 /* WaterFallTests */,
				C25D5F491CA0EA7A00C68C90 /* WaterFallUITests */,
				C25D5F231CA0EA7A00C68C90 /* Products */,
			);
			sourceTree = "<group>";
		};
		C25D5F231CA0EA7A00C68C90 /* Products */ = {
			isa = PBXGroup;
			children = (
				C25D5F221CA0EA7A00C68C90 /* WaterFall.app */,
				C25D5F3B1CA0EA7A00C68C90 /* WaterFallTests.xctest */,
				C25D5F461CA0EA7A00C68C90 /* WaterFallUITests.xctest */,
			);
			name = Products;
			sourceTree = "<group>";
		};
		C25D5F241CA0EA7A00C68C90 /* WaterFall */ = {
			isa = PBXGroup;
			children = (
				C25D5F5E1CA0ECC000C68C90 /* SDWebImage */,
				C25D5F281CA0EA7A00C68C90 /* AppDelegate.h */,
				C25D5F291CA0EA7A00C68C90 /* AppDelegate.m */,
				C25D5F8A1CA1111D00C68C90 /* Shop.h */,
				C25D5F8B1CA1111D00C68C90 /* Shop.m */,
				C25D5F2B1CA0EA7A00C68C90 /* ViewController.h */,
				C25D5F2C1CA0EA7A00C68C90 /* ViewController.m */,
				C25D5F2E1CA0EA7A00C68C90 /* Main.storyboard */,
				C25D5F311CA0EA7A00C68C90 /* Assets.xcassets */,
				C25D5F331CA0EA7A00C68C90 /* LaunchScreen.storyboard */,
				C25D5F361CA0EA7A00C68C90 /* Info.plist */,
				C25D5F251CA0EA7A00C68C90 /* Supporting Files */,
				C25D5F8D1CA1116000C68C90 /* WaterfallLayout.h */,
				C25D5F8E1CA1116000C68C90 /* WaterfallLayout.m */,
				C25D5F901CA11CE500C68C90 /* WaterfallImageCell.h */,
				C25D5F911CA11CE500C68C90 /* WaterfallImageCell.m */,
				C25D5F931CA12F2500C68C90 /* WaterfallFooterView.h */,
				C25D5F941CA12F2500C68C90 /* WaterfallFooterView.m */,
			);
			path = WaterFall;
			sourceTree = "<group>";
		};
		C25D5F251CA0EA7A00C68C90 /* Supporting Files */ = {
			isa = PBXGroup;
			children = (
				C25D5F581CA0ECA800C68C90 /* 1.plist */,
				C25D5F5A1CA0ECA800C68C90 /* 3.plist */,
				C25D5F591CA0ECA800C68C90 /* 2.plist */,
				C25D5F261CA0EA7A00C68C90 /* main.m */,
			);
			name = "Supporting Files";
			sourceTree = "<group>";
		};
		C25D5F3E1CA0EA7A00C68C90 /* WaterFallTests */ = {
			isa = PBXGroup;
			children = (
				C25D5F3F1CA0EA7A00C68C90 /* WaterFallTests.m */,
				C25D5F411CA0EA7A00C68C90 /* Info.plist */,
			);
			path = WaterFallTests;
			sourceTree = "<group>";
		};
		C25D5F491CA0EA7A00C68C90 /* WaterFallUITests */ = {
			isa = PBXGroup;
			children = (
				C25D5F4A1CA0EA7A00C68C90 /* WaterFallUITests.m */,
				C25D5F4C1CA0EA7A00C68C90 /* Info.plist */,
			);
			path = WaterFallUITests;
			sourceTree = "<group>";
		};
		C25D5F5E1CA0ECC000C68C90 /* SDWebImage */ = {
			isa = PBXGroup;
			children = (
				C25D5F5F1CA0ECC000C68C90 /* NSData+ImageContentType.h */,
				C25D5F601CA0ECC000C68C90 /* NSData+ImageContentType.m */,
				C25D5F611CA0ECC000C68C90 /* SDImageCache.h */,
				C25D5F621CA0ECC000C68C90 /* SDImageCache.m */,
				C25D5F631CA0ECC000C68C90 /* SDWebImageCompat.h */,
				C25D5F641CA0ECC000C68C90 /* SDWebImageCompat.m */,
				C25D5F651CA0ECC000C68C90 /* SDWebImageDecoder.h */,
				C25D5F661CA0ECC000C68C90 /* SDWebImageDecoder.m */,
				C25D5F671CA0ECC000C68C90 /* SDWebImageDownloader.h */,
				C25D5F681CA0ECC000C68C90 /* SDWebImageDownloader.m */,
				C25D5F691CA0ECC000C68C90 /* SDWebImageDownloaderOperation.h */,
				C25D5F6A1CA0ECC000C68C90 /* SDWebImageDownloaderOperation.m */,
				C25D5F6B1CA0ECC000C68C90 /* SDWebImageManager.h */,
				C25D5F6C1CA0ECC000C68C90 /* SDWebImageManager.m */,
				C25D5F6D1CA0ECC000C68C90 /* SDWebImageOperation.h */,
				C25D5F6E1CA0ECC000C68C90 /* SDWebImagePrefetcher.h */,
				C25D5F6F1CA0ECC000C68C90 /* SDWebImagePrefetcher.m */,
				C25D5F701CA0ECC000C68C90 /* UIButton+WebCache.h */,
				C25D5F711CA0ECC000C68C90 /* UIButton+WebCache.m */,
				C25D5F721CA0ECC000C68C90 /* UIImage+GIF.h */,
				C25D5F731CA0ECC000C68C90 /* UIImage+GIF.m */,
				C25D5F741CA0ECC000C68C90 /* UIImage+MultiFormat.h */,
				C25D5F751CA0ECC000C68C90 /* UIImage+MultiFormat.m */,
				C25D5F761CA0ECC000C68C90 /* UIImageView+HighlightedWebCache.h */,
				C25D5F771CA0ECC000C68C90 /* UIImageView+HighlightedWebCache.m */,
				C25D5F781CA0ECC000C68C90 /* UIImageView+WebCache.h */,
				C25D5F791CA0ECC000C68C90 /* UIImageView+WebCache.m */,
				C25D5F7A1CA0ECC000C68C90 /* UIView+WebCacheOperation.h */,
				C25D5F7B1CA0ECC000C68C90 /* UIView+WebCacheOperation.m */,
			);
			path = SDWebImage;
			sourceTree = "<group>";
		};
/* End PBXGroup section */

/* Begin PBXNativeTarget section */
		C25D5F211CA0EA7A00C68C90 /* WaterFall */ = {
			isa = PBXNativeTarget;
			buildConfigurationList = C25D5F4F1CA0EA7A00C68C90 /* Build configuration list for PBXNativeTarget "WaterFall" */;
			buildPhases = (
				C25D5F1E1CA0EA7A00C68C90 /* Sources */,
				C25D5F1F1CA0EA7A00C68C90 /* Frameworks */,
				C25D5F201CA0EA7A00C68C90 /* Resources */,
			);
			buildRules = (
			);
			dependencies = (
			);
			name = WaterFall;
			productName = WaterFall;
			productReference = C25D5F221CA0EA7A00C68C90 /* WaterFall.app */;
			productType = "com.apple.product-type.application";
		};
		C25D5F3A1CA0EA7A00C68C90 /* WaterFallTests */ = {
			isa = PBXNativeTarget;
			buildConfigurationList = C25D5F521CA0EA7A00C68C90 /* Build configuration list for PBXNativeTarget "WaterFallTests" */;
			buildPhases = (
				C25D5F371CA0EA7A00C68C90 /* Sources */,
				C25D5F381CA0EA7A00C68C90 /* Frameworks */,
				C25D5F391CA0EA7A00C68C90 /* Resources */,
			);
			buildRules = (
			);
			dependencies = (
				C25D5F3D1CA0EA7A00C68C90 /* PBXTargetDependency */,
			);
			name = WaterFallTests;
			productName = WaterFallTests;
			productReference = C25D5F3B1CA0EA7A00C68C90 /* WaterFallTests.xctest */;
			productType = "com.apple.product-type.bundle.unit-test";
		};
		C25D5F451CA0EA7A00C68C90 /* WaterFallUITests */ = {
			isa = PBXNativeTarget;
			buildConfigurationList = C25D5F551CA0EA7A00C68C90 /* Build configuration list for PBXNativeTarget "WaterFallUITests" */;
			buildPhases = (
				C25D5F421CA0EA7A00C68C90 /* Sources */,
				C25D5F431CA0EA7A00C68C90 /* Frameworks */,
				C25D5F441CA0EA7A00C68C90 /* Resources */,
			);
			buildRules = (
			);
			dependencies = (
				C25D5F481CA0EA7A00C68C90 /* PBXTargetDependency */,
			);
			name = WaterFallUITests;
			productName = WaterFallUITests;
			productReference = C25D5F461CA0EA7A00C68C90 /* WaterFallUITests.xctest */;
			productType = "com.apple.product-type.bundle.ui-testing";
		};
/* End PBXNativeTarget section */

/* Begin PBXProject section */
		C25D5F1A1CA0EA7A00C68C90 /* Project object */ = {
			isa = PBXProject;
			attributes = {
				LastUpgradeCheck = 0720;
				ORGANIZATIONNAME = "shuai zhang";
				TargetAttributes = {
					C25D5F211CA0EA7A00C68C90 = {
						CreatedOnToolsVersion = 7.2;
					};
					C25D5F3A1CA0EA7A00C68C90 = {
						CreatedOnToolsVersion = 7.2;
						TestTargetID = C25D5F211CA0EA7A00C68C90;
					};
					C25D5F451CA0EA7A00C68C90 = {
						CreatedOnToolsVersion = 7.2;
						TestTargetID = C25D5F211CA0EA7A00C68C90;
					};
				};
			};
			buildConfigurationList = C25D5F1D1CA0EA7A00C68C90 /* Build configuration list for PBXProject "WaterFall" */;
			compatibilityVersion = "Xcode 3.2";
			developmentRegion = English;
			hasScannedForEncodings = 0;
			knownRegions = (
				en,
				Base,
			);
			mainGroup = C25D5F191CA0EA7A00C68C90;
			productRefGroup = C25D5F231CA0EA7A00C68C90 /* Products */;
			projectDirPath = "";
			projectRoot = "";
			targets = (
				C25D5F211CA0EA7A00C68C90 /* WaterFall */,
				C25D5F3A1CA0EA7A00C68C90 /* WaterFallTests */,
				C25D5F451CA0EA7A00C68C90 /* WaterFallUITests */,
			);
		};
/* End PBXProject section */

/* Begin PBXResourcesBuildPhase section */
		C25D5F201CA0EA7A00C68C90 /* Resources */ = {
			isa = PBXResourcesBuildPhase;
			buildActionMask = 2147483647;
			files = (
				C25D5F5D1CA0ECA800C68C90 /* 3.plist in Resources */,
				C25D5F351CA0EA7A00C68C90 /* LaunchScreen.storyboard in Resources */,
				C25D5F5C1CA0ECA800C68C90 /* 2.plist in Resources */,
				C25D5F321CA0EA7A00C68C90 /* Assets.xcassets in Resources */,
				C25D5F5B1CA0ECA800C68C90 /* 1.plist in Resources */,
				C25D5F301CA0EA7A00C68C90 /* Main.storyboard in Resources */,
			);
			runOnlyForDeploymentPostprocessing = 0;
		};
		C25D5F391CA0EA7A00C68C90 /* Resources */ = {
			isa = PBXResourcesBuildPhase;
			buildActionMask = 2147483647;
			files = (
			);
			runOnlyForDeploymentPostprocessing = 0;
		};
		C25D5F441CA0EA7A00C68C90 /* Resources */ = {
			isa = PBXResourcesBuildPhase;
			buildActionMask = 2147483647;
			files = (
			);
			runOnlyForDeploymentPostprocessing = 0;
		};
/* End PBXResourcesBuildPhase section */

/* Begin PBXSourcesBuildPhase section */
		C25D5F1E1CA0EA7A00C68C90 /* Sources */ = {
			isa = PBXSourcesBuildPhase;
			buildActionMask = 2147483647;
			files = (
				C25D5F921CA11CE500C68C90 /* WaterfallImageCell.m in Sources */,
				C25D5F891CA0ECC000C68C90 /* UIView+WebCacheOperation.m in Sources */,
				C25D5F851CA0ECC000C68C90 /* UIImage+GIF.m in Sources */,
				C25D5F801CA0ECC000C68C90 /* SDWebImageDownloader.m in Sources */,
				C25D5F841CA0ECC000C68C90 /* UIButton+WebCache.m in Sources */,
				C25D5F871CA0ECC000C68C90 /* UIImageView+HighlightedWebCache.m in Sources */,
				C25D5F7F1CA0ECC000C68C90 /* SDWebImageDecoder.m in Sources */,
				C25D5F2D1CA0EA7A00C68C90 /* ViewController.m in Sources */,
				C25D5F951CA12F2500C68C90 /* WaterfallFooterView.m in Sources */,
				C25D5F7E1CA0ECC000C68C90 /* SDWebImageCompat.m in Sources */,
				C25D5F2A1CA0EA7A00C68C90 /* AppDelegate.m in Sources */,
				C25D5F7C1CA0ECC000C68C90 /* NSData+ImageContentType.m in Sources */,
				C25D5F811CA0ECC000C68C90 /* SDWebImageDownloaderOperation.m in Sources */,
				C25D5F8C1CA1111D00C68C90 /* Shop.m in Sources */,
				C25D5F881CA0ECC000C68C90 /* UIImageView+WebCache.m in Sources */,
				C25D5F8F1CA1116000C68C90 /* WaterfallLayout.m in Sources */,
				C25D5F821CA0ECC000C68C90 /* SDWebImageManager.m in Sources */,
				C25D5F861CA0ECC000C68C90 /* UIImage+MultiFormat.m in Sources */,
				C25D5F831CA0ECC000C68C90 /* SDWebImagePrefetcher.m in Sources */,
				C25D5F271CA0EA7A00C68C90 /* main.m in Sources */,
				C25D5F7D1CA0ECC000C68C90 /* SDImageCache.m in Sources */,
			);
			runOnlyForDeploymentPostprocessing = 0;
		};
		C25D5F371CA0EA7A00C68C90 /* Sources */ = {
			isa = PBXSourcesBuildPhase;
			buildActionMask = 2147483647;
			files = (
				C25D5F401CA0EA7A00C68C90 /* WaterFallTests.m in Sources */,
			);
			runOnlyForDeploymentPostprocessing = 0;
		};
		C25D5F421CA0EA7A00C68C90 /* Sources */ = {
			isa = PBXSourcesBuildPhase;
			buildActionMask = 2147483647;
			files = (
				C25D5F4B1CA0EA7A00C68C90 /* WaterFallUITests.m in Sources */,
			);
			runOnlyForDeploymentPostprocessing = 0;
		};
/* End PBXSourcesBuildPhase section */

/* Begin PBXTargetDependency section */
		C25D5F3D1CA0EA7A00C68C90 /* PBXTargetDependency */ = {
			isa = PBXTargetDependency;
			target = C25D5F211CA0EA7A00C68C90 /* WaterFall */;
			targetProxy = C25D5F3C1CA0EA7A00C68C90 /* PBXContainerItemProxy */;
		};
		C25D5F481CA0EA7A00C68C90 /* PBXTargetDependency */ = {
			isa = PBXTargetDependency;
			target = C25D5F211CA0EA7A00C68C90 /* WaterFall */;
			targetProxy = C25D5F471CA0EA7A00C68C90 /* PBXContainerItemProxy */;
		};
/* End PBXTargetDependency section */

/* Begin PBXVariantGroup section */
		C25D5F2E1CA0EA7A00C68C90 /* Main.storyboard */ = {
			isa = PBXVariantGroup;
			children = (
				C25D5F2F1CA0EA7A00C68C90 /* Base */,
			);
			name = Main.storyboard;
			sourceTree = "<group>";
		};
		C25D5F331CA0EA7A00C68C90 /* LaunchScreen.storyboard */ = {
			isa = PBXVariantGroup;
			children = (
				C25D5F341CA0EA7A00C68C90 /* Base */,
			);
			name = LaunchScreen.storyboard;
			sourceTree = "<group>";
		};
/* End PBXVariantGroup section */

/* Begin XCBuildConfiguration section */
		C25D5F4D1CA0EA7A00C68C90 /* Debug */ = {
			isa = XCBuildConfiguration;
			buildSettings = {
				ALWAYS_SEARCH_USER_PATHS = NO;
				CLANG_CXX_LANGUAGE_STANDARD = "gnu++0x";
				CLANG_CXX_LIBRARY = "libc++";
				CLANG_ENABLE_MODULES = YES;
				CLANG_ENABLE_OBJC_ARC = YES;
				CLANG_WARN_BOOL_CONVERSION = YES;
				CLANG_WARN_CONSTANT_CONVERSION = YES;
				CLANG_WARN_DIRECT_OBJC_ISA_USAGE = YES_ERROR;
				CLANG_WARN_EMPTY_BODY = YES;
				CLANG_WARN_ENUM_CONVERSION = YES;
				CLANG_WARN_INT_CONVERSION = YES;
				CLANG_WARN_OBJC_ROOT_CLASS = YES_ERROR;
				CLANG_WARN_UNREACHABLE_CODE = YES;
				CLANG_WARN__DUPLICATE_METHOD_MATCH = YES;
				"CODE_SIGN_IDENTITY[sdk=iphoneos*]" = "iPhone Developer";
				COPY_PHASE_STRIP = NO;
				DEBUG_INFORMATION_FORMAT = dwarf;
				ENABLE_STRICT_OBJC_MSGSEND = YES;
				ENABLE_TESTABILITY = YES;
				GCC_C_LANGUAGE_STANDARD = gnu99;
				GCC_DYNAMIC_NO_PIC = NO;
				GCC_NO_COMMON_BLOCKS = YES;
				GCC_OPTIMIZATION_LEVEL = 0;
				GCC_PREPROCESSOR_DEFINITIONS = (
					"DEBUG=1",
					"$(inherited)",
				);
				GCC_WARN_64_TO_32_BIT_CONVERSION = YES;
				GCC_WARN_ABOUT_RETURN_TYPE = YES_ERROR;
				GCC_WARN_UNDECLARED_SELECTOR = YES;
				GCC_WARN_UNINITIALIZED_AUTOS = YES_AGGRESSIVE;
				GCC_WARN_UNUSED_FUNCTION = YES;
				GCC_WARN_UNUSED_VARIABLE = YES;
				IPHONEOS_DEPLOYMENT_TARGET = 9.2;
				MTL_ENABLE_DEBUG_INFO = YES;
				ONLY_ACTIVE_ARCH = YES;
				SDKROOT = iphoneos;
				TARGETED_DEVICE_FAMILY = "1,2";
			};
			name = Debug;
		};
		C25D5F4E1CA0EA7A00C68C90 /* Release */ = {
			isa = XCBuildConfiguration;
			buildSettings = {
				ALWAYS_SEARCH_USER_PATHS = NO;
				CLANG_CXX_LANGUAGE_STANDARD = "gnu++0x";
				CLANG_CXX_LIBRARY = "libc++";
				CLANG_ENABLE_MODULES = YES;
				CLANG_ENABLE_OBJC_ARC = YES;
				CLANG_WARN_BOOL_CONVERSION = YES;
				CLANG_WARN_CONSTANT_CONVERSION = YES;
				CLANG_WARN_DIRECT_OBJC_ISA_USAGE = YES_ERROR;
				CLANG_WARN_EMPTY_BODY = YES;
				CLANG_WARN_ENUM_CONVERSION = YES;
				CLANG_WARN_INT_CONVERSION = YES;
				CLANG_WARN_OBJC_ROOT_CLASS = YES_ERROR;
				CLANG_WARN_UNREACHABLE_CODE = YES;
				CLANG_WARN__DUPLICATE_METHOD_MATCH = YES;
				"CODE_SIGN_IDENTITY[sdk=iphoneos*]" = "iPhone Developer";
				COPY_PHASE_STRIP = NO;
				DEBUG_INFORMATION_FORMAT = "dwarf-with-dsym";
				ENABLE_NS_ASSERTIONS = NO;
				ENABLE_STRICT_OBJC_MSGSEND = YES;
				GCC_C_LANGUAGE_STANDARD = gnu99;
				GCC_NO_COMMON_BLOCKS = YES;
				GCC_WARN_64_TO_32_BIT_CONVERSION = YES;
				GCC_WARN_ABOUT_RETURN_TYPE = YES_ERROR;
				GCC_WARN_UNDECLARED_SELECTOR = YES;
				GCC_WARN_UNINITIALIZED_AUTOS = YES_AGGRESSIVE;
				GCC_WARN_UNUSED_FUNCTION = YES;
				GCC_WARN_UNUSED_VARIABLE = YES;
				IPHONEOS_DEPLOYMENT_TARGET = 9.2;
				MTL_ENABLE_DEBUG_INFO = NO;
				SDKROOT = iphoneos;
				TARGETED_DEVICE_FAMILY = "1,2";
				VALIDATE_PRODUCT = YES;
			};
			name = Release;
		};
		C25D5F501CA0EA7A00C68C90 /* Debug */ = {
			isa = XCBuildConfiguration;
			buildSettings = {
				ASSETCATALOG_COMPILER_APPICON_NAME = AppIcon;
				INFOPLIST_FILE = WaterFall/Info.plist;
				LD_RUNPATH_SEARCH_PATHS = "$(inherited) @executable_path/Frameworks";
				PRODUCT_BUNDLE_IDENTIFIER = com.alan.Zhang.WaterFall;
				PRODUCT_NAME = "$(TARGET_NAME)";
			};
			name = Debug;
		};
		C25D5F511CA0EA7A00C68C90 /* Release */ = {
			isa = XCBuildConfiguration;
			buildSettings = {
				ASSETCATALOG_COMPILER_APPICON_NAME = AppIcon;
				INFOPLIST_FILE = WaterFall/Info.plist;
				LD_RUNPATH_SEARCH_PATHS = "$(inherited) @executable_path/Frameworks";
				PRODUCT_BUNDLE_IDENTIFIER = com.alan.Zhang.WaterFall;
				PRODUCT_NAME = "$(TARGET_NAME)";
			};
			name = Release;
		};
		C25D5F531CA0EA7A00C68C90 /* Debug */ = {
			isa = XCBuildConfiguration;
			buildSettings = {
				BUNDLE_LOADER = "$(TEST_HOST)";
				INFOPLIST_FILE = WaterFallTests/Info.plist;
				LD_RUNPATH_SEARCH_PATHS = "$(inherited) @executable_path/Frameworks @loader_path/Frameworks";
				PRODUCT_BUNDLE_IDENTIFIER = com.alan.Zhang.WaterFallTests;
				PRODUCT_NAME = "$(TARGET_NAME)";
				TEST_HOST = "$(BUILT_PRODUCTS_DIR)/WaterFall.app/WaterFall";
			};
			name = Debug;
		};
		C25D5F541CA0EA7A00C68C90 /* Release */ = {
			isa = XCBuildConfiguration;
			buildSettings = {
				BUNDLE_LOADER = "$(TEST_HOST)";
				INFOPLIST_FILE = WaterFallTests/Info.plist;
				LD_RUNPATH_SEARCH_PATHS = "$(inherited) @executable_path/Frameworks @loader_path/Frameworks";
				PRODUCT_BUNDLE_IDENTIFIER = com.alan.Zhang.WaterFallTests;
				PRODUCT_NAME = "$(TARGET_NAME)";
				TEST_HOST = "$(BUILT_PRODUCTS_DIR)/WaterFall.app/WaterFall";
			};
			name = Release;
		};
		C25D5F561CA0EA7A00C68C90 /* Debug */ = {
			isa = XCBuildConfiguration;
			buildSettings = {
				INFOPLIST_FILE = WaterFallUITests/Info.plist;
				LD_RUNPATH_SEARCH_PATHS = "$(inherited) @executable_path/Frameworks @loader_path/Frameworks";
				PRODUCT_BUNDLE_IDENTIFIER = com.alan.Zhang.WaterFallUITests;
				PRODUCT_NAME = "$(TARGET_NAME)";
				TEST_TARGET_NAME = WaterFall;
				USES_XCTRUNNER = YES;
			};
			name = Debug;
		};
		C25D5F571CA0EA7A00C68C90 /* Release */ = {
			isa = XCBuildConfiguration;
			buildSettings = {
				INFOPLIST_FILE = WaterFallUITests/Info.plist;
				LD_RUNPATH_SEARCH_PATHS = "$(inherited) @executable_path/Frameworks @loader_path/Frameworks";
				PRODUCT_BUNDLE_IDENTIFIER = com.alan.Zhang.WaterFallUITests;
				PRODUCT_NAME = "$(TARGET_NAME)";
				TEST_TARGET_NAME = WaterFall;
				USES_XCTRUNNER = YES;
			};
			name = Release;
		};
/* End XCBuildConfiguration section */

/* Begin XCConfigurationList section */
		C25D5F1D1CA0EA7A00C68C90 /* Build configuration list for PBXProject "WaterFall" */ = {
			isa = XCConfigurationList;
			buildConfigurations = (
				C25D5F4D1CA0EA7A00C68C90 /* Debug */,
				C25D5F4E1CA0EA7A00C68C90 /* Release */,
			);
			defaultConfigurationIsVisible = 0;
			defaultConfigurationName = Release;
		};
		C25D5F4F1CA0EA7A00C68C90 /* Build configuration list for PBXNativeTarget "WaterFall" */ = {
			isa = XCConfigurationList;
			buildConfigurations = (
				C25D5F501CA0EA7A00C68C90 /* Debug */,
				C25D5F511CA0EA7A00C68C90 /* Release */,
			);
			defaultConfigurationIsVisible = 0;
		};
		C25D5F521CA0EA7A00C68C90 /* Build configuration list for PBXNativeTarget "WaterFallTests" */ = {
			isa = XCConfigurationList;
			buildConfigurations = (
				C25D5F531CA0EA7A00C68C90 /* Debug */,
				C25D5F541CA0EA7A00C68C90 /* Release */,
			);
			defaultConfigurationIsVisible = 0;
		};
		C25D5F551CA0EA7A00C68C90 /* Build configuration list for PBXNativeTarget "WaterFallUITests" */ = {
			isa = XCConfigurationList;
			buildConfigurations = (
				C25D5F561CA0EA7A00C68C90 /* Debug */,
				C25D5F571CA0EA7A00C68C90 /* Release */,
			);
			defaultConfigurationIsVisible = 0;
		};
/* End XCConfigurationList section */
	};
	rootObject = C25D5F1A1CA0EA7A00C68C90 /* Project object */;
}
